
Microsoft Visual Studio Solution File, Format Version 12.00
# Visual Studio Version 17
VisualStudioVersion = 17.11.35303.130
MinimumVisualStudioVersion = 10.0.40219.1
Project("{9A19103F-16F7-4668-BE54-9A1E7A4F7556}") = "PruebaControl", "PruebaControl.csproj", "{72071746-6627-4AB1-AFA1-1751EEC1FA3E}"
EndProject
Global
	GlobalSection(SolutionConfigurationPlatforms) = preSolution
		Debug|Any CPU = Debug|Any CPU
		Release|Any CPU = Release|Any CPU
	EndGlobalSection
	GlobalSection(ProjectConfigurationPlatforms) = postSolution
		{72071746-6627-4AB1-AFA1-1751EEC1FA3E}.Debug|Any CPU.ActiveCfg = Debug|Any CPU
		{72071746-6627-4AB1-AFA1-1751EEC1FA3E}.Debug|Any CPU.Build.0 = Debug|Any CPU
		{72071746-6627-4AB1-AFA1-1751EEC1FA3E}.Release|Any CPU.ActiveCfg = Release|Any CPU
		{72071746-6627-4AB1-AFA1-1751EEC1FA3E}.Release|Any CPU.Build.0 = Release|Any CPU
	EndGlobalSection
	GlobalSection(SolutionProperties) = preSolution
		HideSolutionNode = FALSE
	EndGlobalSection
	GlobalSection(ExtensibilityGlobals) = postSolution
		SolutionGuid = {FB78E1BD-98D9-405E-BB08-180C6D8DF612}
	EndGlobalSection
EndGlobal
